
Microsoft Visual Studio Solution File, Format Version 12.00
# Visual Studio Version 17
VisualStudioVersion = 17.14.37027.9 d17.14
MinimumVisualStudioVersion = 10.0.40219.1
Project("{FAE04EC0-301F-11D3-BF4B-00C04F79EFBC}") = "Project Simple Calculator", "Project Simple Calculator.csproj", "{DE8BD871-4CAB-4BD3-9D22-4A1375DF49FD}"
EndProject
Global
	GlobalSection(SolutionConfigurationPlatforms) = preSolution
		Debug|Any CPU = Debug|Any CPU
		Release|Any CPU = Release|Any CPU
	EndGlobalSection
	GlobalSection(ProjectConfigurationPlatforms) = postSolution
		{DE8BD871-4CAB-4BD3-9D22-4A1375DF49FD}.Debug|Any CPU.ActiveCfg = Debug|Any CPU
		{DE8BD871-4CAB-4BD3-9D22-4A1375DF49FD}.Debug|Any CPU.Build.0 = Debug|Any CPU
		{DE8BD871-4CAB-4BD3-9D22-4A1375DF49FD}.Release|Any CPU.ActiveCfg = Release|Any CPU
		{DE8BD871-4CAB-4BD3-9D22-4A1375DF49FD}.Release|Any CPU.Build.0 = Release|Any CPU
	EndGlobalSection
	GlobalSection(SolutionProperties) = preSolution
		HideSolutionNode = FALSE
	EndGlobalSection
	GlobalSection(ExtensibilityGlobals) = postSolution
		SolutionGuid = {80841917-87D5-4D75-9BA8-6CF83E7EBB64}
	EndGlobalSection
EndGlobal
